
Microsoft Visual Studio Solution File, Format Version 12.00
# Visual Studio Version 16
VisualStudioVersion = 16.0.31005.135
MinimumVisualStudioVersion = 10.0.40219.1
Project("{FAE04EC0-301F-11D3-BF4B-00C04F79EFBC}") = "Chess", "Chess\Chess.csproj", "{9837455A-D30E-404C-A076-EFB5AA6C709C}"
EndProject
Project("{9A19103F-16F7-4668-BE54-9A1E7A4F7556}") = "GameControl", "GameControl\GameControl.csproj", "{713D9B1B-40A1-473F-9546-273D117F73B4}"
EndProject
Project("{D954291E-2A0B-460D-934E-DC6B0785DB48}") = "SharedProject", "SharedProject\SharedProject.shproj", "{F5A925B9-7E63-4E3E-8445-65B1E2C62C0F}"
EndProject
Global
	GlobalSection(SharedMSBuildProjectFiles) = preSolution
		SharedProject\SharedProject.projitems*{f5a925b9-7e63-4e3e-8445-65b1e2c62c0f}*SharedItemsImports = 13
	EndGlobalSection
	GlobalSection(SolutionConfigurationPlatforms) = preSolution
		Debug|Any CPU = Debug|Any CPU
		Release|Any CPU = Release|Any CPU
	EndGlobalSection
	GlobalSection(ProjectConfigurationPlatforms) = postSolution
		{9837455A-D30E-404C-A076-EFB5AA6C709C}.Debug|Any CPU.ActiveCfg = Debug|Any CPU
		{9837455A-D30E-404C-A076-EFB5AA6C709C}.Debug|Any CPU.Build.0 = Debug|Any CPU
		{9837455A-D30E-404C-A076-EFB5AA6C709C}.Release|Any CPU.ActiveCfg = Release|Any CPU
		{9837455A-D30E-404C-A076-EFB5AA6C709C}.Release|Any CPU.Build.0 = Release|Any CPU
		{713D9B1B-40A1-473F-9546-273D117F73B4}.Debug|Any CPU.ActiveCfg = Debug|Any CPU
		{713D9B1B-40A1-473F-9546-273D117F73B4}.Debug|Any CPU.Build.0 = Debug|Any CPU
		{713D9B1B-40A1-473F-9546-273D117F73B4}.Release|Any CPU.ActiveCfg = Release|Any CPU
		{713D9B1B-40A1-473F-9546-273D117F73B4}.Release|Any CPU.Build.0 = Release|Any CPU
	EndGlobalSection
	GlobalSection(SolutionProperties) = preSolution
		HideSolutionNode = FALSE
	EndGlobalSection
	GlobalSection(ExtensibilityGlobals) = postSolution
		SolutionGuid = {74FCEA00-962A-4321-8E75-569230B69116}
	EndGlobalSection
EndGlobal
